
Microsoft Visual Studio Solution File, Format Version 12.00
# Visual Studio Version 17
VisualStudioVersion = 17.5.33516.290
MinimumVisualStudioVersion = 10.0.40219.1
Project("{E24C65DC-7377-472B-9ABA-BC803B73C61A}") = "InjectionAttacks", "InjectionAttacks\", "{BF81C5FA-43C9-4D8F-992B-CE90BE80FD91}"
	ProjectSection(WebsiteProperties) = preProject
		TargetFrameworkMoniker = ".NETFramework,Version%3Dv4.7.2"
		Debug.AspNetCompiler.VirtualPath = "/localhost_57909"
		Debug.AspNetCompiler.PhysicalPath = "InjectionAttacks\"
		Debug.AspNetCompiler.TargetPath = "PrecompiledWeb\localhost_57909\"
		Debug.AspNetCompiler.Updateable = "true"
		Debug.AspNetCompiler.ForceOverwrite = "true"
		Debug.AspNetCompiler.FixedNames = "false"
		Debug.AspNetCompiler.Debug = "True"
		Release.AspNetCompiler.VirtualPath = "/localhost_57909"
		Release.AspNetCompiler.PhysicalPath = "InjectionAttacks\"
		Release.AspNetCompiler.TargetPath = "PrecompiledWeb\localhost_57909\"
		Release.AspNetCompiler.Updateable = "true"
		Release.AspNetCompiler.ForceOverwrite = "true"
		Release.AspNetCompiler.FixedNames = "false"
		Release.AspNetCompiler.Debug = "False"
		VWDPort = "57909"
		SlnRelativePath = "InjectionAttacks\"
		DefaultWebSiteLanguage = "Visual C#"
	EndProjectSection
EndProject
Global
	GlobalSection(SolutionConfigurationPlatforms) = preSolution
		Debug|Any CPU = Debug|Any CPU
	EndGlobalSection
	GlobalSection(ProjectConfigurationPlatforms) = postSolution
		{BF81C5FA-43C9-4D8F-992B-CE90BE80FD91}.Debug|Any CPU.ActiveCfg = Debug|Any CPU
		{BF81C5FA-43C9-4D8F-992B-CE90BE80FD91}.Debug|Any CPU.Build.0 = Debug|Any CPU
	EndGlobalSection
	GlobalSection(SolutionProperties) = preSolution
		HideSolutionNode = FALSE
	EndGlobalSection
	GlobalSection(ExtensibilityGlobals) = postSolution
		SolutionGuid = {511DAF01-9BA6-4D61-AB30-E3DA66096A92}
	EndGlobalSection
EndGlobal
