
Microsoft Visual Studio Solution File, Format Version 12.00
# Visual Studio Version 17
VisualStudioVersion = 17.5.33516.290
MinimumVisualStudioVersion = 10.0.40219.1
Project("{FAE04EC0-301F-11D3-BF4B-00C04F79EFBC}") = "usingBearerAuth", "usingBearerAuth\usingBearerAuth.csproj", "{A3EB0C93-413D-4F80-9CB6-F1ADFEA09796}"
EndProject
Global
	GlobalSection(SolutionConfigurationPlatforms) = preSolution
		Debug|Any CPU = Debug|Any CPU
		Release|Any CPU = Release|Any CPU
	EndGlobalSection
	GlobalSection(ProjectConfigurationPlatforms) = postSolution
		{A3EB0C93-413D-4F80-9CB6-F1ADFEA09796}.Debug|Any CPU.ActiveCfg = Debug|Any CPU
		{A3EB0C93-413D-4F80-9CB6-F1ADFEA09796}.Debug|Any CPU.Build.0 = Debug|Any CPU
		{A3EB0C93-413D-4F80-9CB6-F1ADFEA09796}.Release|Any CPU.ActiveCfg = Release|Any CPU
		{A3EB0C93-413D-4F80-9CB6-F1ADFEA09796}.Release|Any CPU.Build.0 = Release|Any CPU
	EndGlobalSection
	GlobalSection(SolutionProperties) = preSolution
		HideSolutionNode = FALSE
	EndGlobalSection
	GlobalSection(ExtensibilityGlobals) = postSolution
		SolutionGuid = {9053A99F-54E0-4A75-ADFD-D8ABF20557D1}
	EndGlobalSection
EndGlobal
