
Microsoft Visual Studio Solution File, Format Version 12.00
# Visual Studio Version 17
VisualStudioVersion = 17.5.33516.290
MinimumVisualStudioVersion = 10.0.40219.1
Project("{FAE04EC0-301F-11D3-BF4B-00C04F79EFBC}") = "ClaimBasedAuthtantication", "ClaimBasedAuthtantication\ClaimBasedAuthtantication.csproj", "{0BB34E54-9B24-4621-B6D7-0E305352517C}"
EndProject
Global
	GlobalSection(SolutionConfigurationPlatforms) = preSolution
		Debug|Any CPU = Debug|Any CPU
		Release|Any CPU = Release|Any CPU
	EndGlobalSection
	GlobalSection(ProjectConfigurationPlatforms) = postSolution
		{0BB34E54-9B24-4621-B6D7-0E305352517C}.Debug|Any CPU.ActiveCfg = Debug|Any CPU
		{0BB34E54-9B24-4621-B6D7-0E305352517C}.Debug|Any CPU.Build.0 = Debug|Any CPU
		{0BB34E54-9B24-4621-B6D7-0E305352517C}.Release|Any CPU.ActiveCfg = Release|Any CPU
		{0BB34E54-9B24-4621-B6D7-0E305352517C}.Release|Any CPU.Build.0 = Release|Any CPU
	EndGlobalSection
	GlobalSection(SolutionProperties) = preSolution
		HideSolutionNode = FALSE
	EndGlobalSection
	GlobalSection(ExtensibilityGlobals) = postSolution
		SolutionGuid = {EACAEE8D-CA35-4AC6-BD28-A04EACA194B1}
	EndGlobalSection
EndGlobal
